
Microsoft Visual Studio Solution File, Format Version 12.00
# Visual Studio Version 16
VisualStudioVersion = 16.0.30717.126
MinimumVisualStudioVersion = 10.0.40219.1
Project("{8BC9CEB8-8B4A-11D0-8D11-00A0C91BC942}") = "Socketprog", "Socketprog\Socketprog.vcxproj", "{88BED061-F5F2-4532-8B23-43FB240CF98B}"
EndProject
Global
	GlobalSection(SolutionConfigurationPlatforms) = preSolution
		Debug|x64 = Debug|x64
		Debug|x86 = Debug|x86
		Release|x64 = Release|x64
		Release|x86 = Release|x86
	EndGlobalSection
	GlobalSection(ProjectConfigurationPlatforms) = postSolution
		{88BED061-F5F2-4532-8B23-43FB240CF98B}.Debug|x64.ActiveCfg = Debug|x64
		{88BED061-F5F2-4532-8B23-43FB240CF98B}.Debug|x64.Build.0 = Debug|x64
		{88BED061-F5F2-4532-8B23-43FB240CF98B}.Debug|x86.ActiveCfg = Debug|Win32
		{88BED061-F5F2-4532-8B23-43FB240CF98B}.Debug|x86.Build.0 = Debug|Win32
		{88BED061-F5F2-4532-8B23-43FB240CF98B}.Release|x64.ActiveCfg = Release|x64
		{88BED061-F5F2-4532-8B23-43FB240CF98B}.Release|x64.Build.0 = Release|x64
		{88BED061-F5F2-4532-8B23-43FB240CF98B}.Release|x86.ActiveCfg = Release|Win32
		{88BED061-F5F2-4532-8B23-43FB240CF98B}.Release|x86.Build.0 = Release|Win32
	EndGlobalSection
	GlobalSection(SolutionProperties) = preSolution
		HideSolutionNode = FALSE
	EndGlobalSection
	GlobalSection(ExtensibilityGlobals) = postSolution
		SolutionGuid = {7D7A600F-AC5F-43A8-A7F6-8ABAAF356BEC}
	EndGlobalSection
EndGlobal
